
Microsoft Visual Studio Solution File, Format Version 12.00
# Visual Studio Version 16
VisualStudioVersion = 16.0.28315.86
MinimumVisualStudioVersion = 10.0.40219.1
Project("{2150E333-8FDC-42A3-9474-1A3956D46DE8}") = "Engine", "Engine", "{1C48212A-7667-4C6E-B23A-728AFF83CB1D}"
EndProject
Project("{2150E333-8FDC-42A3-9474-1A3956D46DE8}") = "Games", "Games", "{6FB00D6F-3F0E-4561-9DA3-02EE21C443C0}"
EndProject
Project("{8BC9CEB8-8B4A-11D0-8D11-00A0C91BC942}") = "UE4", "Intermediate\ProjectFiles\UE4.vcxproj", "{81018C62-E8CA-49B9-8E22-F5F3F03DC969}"
EndProject
Project("{8BC9CEB8-8B4A-11D0-8D11-00A0C91BC942}") = "ThirdProject", "Intermediate\ProjectFiles\ThirdProject.vcxproj", "{FCE5E6A8-3B60-43E3-966F-2415F5E2A103}"
EndProject
Project("{2150E333-8FDC-42A3-9474-1A3956D46DE8}") = "Visualizers", "Visualizers", "{F0B668BE-1229-47DE-99EE-96B646ED88CB}"
	ProjectSection(SolutionItems) = preProject
		..\..\..\..\..\Program Files\Epic Games\UE_4.22\Engine\Extras\VisualStudioDebugging\UE4.natvis = ..\..\..\..\..\Program Files\Epic Games\UE_4.22\Engine\Extras\VisualStudioDebugging\UE4.natvis
	EndProjectSection
EndProject
Global
	GlobalSection(SolutionConfigurationPlatforms) = preSolution
		DebugGame Editor|HTML5 = DebugGame Editor|HTML5
		DebugGame Editor|IOS = DebugGame Editor|IOS
		DebugGame Editor|Win32 = DebugGame Editor|Win32
		DebugGame Editor|Win64 = DebugGame Editor|Win64
		DebugGame|HTML5 = DebugGame|HTML5
		DebugGame|IOS = DebugGame|IOS
		DebugGame|Win32 = DebugGame|Win32
		DebugGame|Win64 = DebugGame|Win64
		Development Editor|HTML5 = Development Editor|HTML5
		Development Editor|IOS = Development Editor|IOS
		Development Editor|Win32 = Development Editor|Win32
		Development Editor|Win64 = Development Editor|Win64
		Development|HTML5 = Development|HTML5
		Development|IOS = Development|IOS
		Development|Win32 = Development|Win32
		Development|Win64 = Development|Win64
		Shipping|HTML5 = Shipping|HTML5
		Shipping|IOS = Shipping|IOS
		Shipping|Win32 = Shipping|Win32
		Shipping|Win64 = Shipping|Win64
	EndGlobalSection
	GlobalSection(ProjectConfigurationPlatforms) = postSolution
		{81018C62-E8CA-49B9-8E22-F5F3F03DC969}.DebugGame Editor|HTML5.ActiveCfg = BuiltWithUnrealBuildTool|Win32
		{81018C62-E8CA-49B9-8E22-F5F3F03DC969}.DebugGame Editor|IOS.ActiveCfg = BuiltWithUnrealBuildTool|Win32
		{81018C62-E8CA-49B9-8E22-F5F3F03DC969}.DebugGame Editor|Win32.ActiveCfg = BuiltWithUnrealBuildTool|Win32
		{81018C62-E8CA-49B9-8E22-F5F3F03DC969}.DebugGame Editor|Win64.ActiveCfg = BuiltWithUnrealBuildTool|Win32
		{81018C62-E8CA-49B9-8E22-F5F3F03DC969}.DebugGame|HTML5.ActiveCfg = BuiltWithUnrealBuildTool|Win32
		{81018C62-E8CA-49B9-8E22-F5F3F03DC969}.DebugGame|IOS.ActiveCfg = BuiltWithUnrealBuildTool|Win32
		{81018C62-E8CA-49B9-8E22-F5F3F03DC969}.DebugGame|Win32.ActiveCfg = BuiltWithUnrealBuildTool|Win32
		{81018C62-E8CA-49B9-8E22-F5F3F03DC969}.DebugGame|Win64.ActiveCfg = BuiltWithUnrealBuildTool|Win32
		{81018C62-E8CA-49B9-8E22-F5F3F03DC969}.Development Editor|HTML5.ActiveCfg = BuiltWithUnrealBuildTool|Win32
		{81018C62-E8CA-49B9-8E22-F5F3F03DC969}.Development Editor|IOS.ActiveCfg = BuiltWithUnrealBuildTool|Win32
		{81018C62-E8CA-49B9-8E22-F5F3F03DC969}.Development Editor|Win32.ActiveCfg = BuiltWithUnrealBuildTool|Win32
		{81018C62-E8CA-49B9-8E22-F5F3F03DC969}.Development Editor|Win64.ActiveCfg = BuiltWithUnrealBuildTool|Win32
		{81018C62-E8CA-49B9-8E22-F5F3F03DC969}.Development|HTML5.ActiveCfg = BuiltWithUnrealBuildTool|Win32
		{81018C62-E8CA-49B9-8E22-F5F3F03DC969}.Development|IOS.ActiveCfg = BuiltWithUnrealBuildTool|Win32
		{81018C62-E8CA-49B9-8E22-F5F3F03DC969}.Development|Win32.ActiveCfg = BuiltWithUnrealBuildTool|Win32
		{81018C62-E8CA-49B9-8E22-F5F3F03DC969}.Development|Win64.ActiveCfg = BuiltWithUnrealBuildTool|Win32
		{81018C62-E8CA-49B9-8E22-F5F3F03DC969}.Shipping|HTML5.ActiveCfg = BuiltWithUnrealBuildTool|Win32
		{81018C62-E8CA-49B9-8E22-F5F3F03DC969}.Shipping|IOS.ActiveCfg = BuiltWithUnrealBuildTool|Win32
		{81018C62-E8CA-49B9-8E22-F5F3F03DC969}.Shipping|Win32.ActiveCfg = BuiltWithUnrealBuildTool|Win32
		{81018C62-E8CA-49B9-8E22-F5F3F03DC969}.Shipping|Win64.ActiveCfg = BuiltWithUnrealBuildTool|Win32
		{FCE5E6A8-3B60-43E3-966F-2415F5E2A103}.DebugGame Editor|HTML5.ActiveCfg = Invalid|Win32
		{FCE5E6A8-3B60-43E3-966F-2415F5E2A103}.DebugGame Editor|IOS.ActiveCfg = Invalid|Win32
		{FCE5E6A8-3B60-43E3-966F-2415F5E2A103}.DebugGame Editor|Win32.ActiveCfg = Invalid|Win32
		{FCE5E6A8-3B60-43E3-966F-2415F5E2A103}.DebugGame Editor|Win64.ActiveCfg = DebugGame_Editor|x64
		{FCE5E6A8-3B60-43E3-966F-2415F5E2A103}.DebugGame Editor|Win64.Build.0 = DebugGame_Editor|x64
		{FCE5E6A8-3B60-43E3-966F-2415F5E2A103}.DebugGame|HTML5.ActiveCfg = HTML5_DebugGame|Win32
		{FCE5E6A8-3B60-43E3-966F-2415F5E2A103}.DebugGame|HTML5.Build.0 = HTML5_DebugGame|Win32
		{FCE5E6A8-3B60-43E3-966F-2415F5E2A103}.DebugGame|IOS.ActiveCfg = IOS_DebugGame|Win32
		{FCE5E6A8-3B60-43E3-966F-2415F5E2A103}.DebugGame|IOS.Build.0 = IOS_DebugGame|Win32
		{FCE5E6A8-3B60-43E3-966F-2415F5E2A103}.DebugGame|Win32.ActiveCfg = DebugGame|Win32
		{FCE5E6A8-3B60-43E3-966F-2415F5E2A103}.DebugGame|Win32.Build.0 = DebugGame|Win32
		{FCE5E6A8-3B60-43E3-966F-2415F5E2A103}.DebugGame|Win64.ActiveCfg = DebugGame|x64
		{FCE5E6A8-3B60-43E3-966F-2415F5E2A103}.DebugGame|Win64.Build.0 = DebugGame|x64
		{FCE5E6A8-3B60-43E3-966F-2415F5E2A103}.Development Editor|HTML5.ActiveCfg = Invalid|Win32
		{FCE5E6A8-3B60-43E3-966F-2415F5E2A103}.Development Editor|IOS.ActiveCfg = Invalid|Win32
		{FCE5E6A8-3B60-43E3-966F-2415F5E2A103}.Development Editor|Win32.ActiveCfg = Invalid|Win32
		{FCE5E6A8-3B60-43E3-966F-2415F5E2A103}.Development Editor|Win64.ActiveCfg = Development_Editor|x64
		{FCE5E6A8-3B60-43E3-966F-2415F5E2A103}.Development Editor|Win64.Build.0 = Development_Editor|x64
		{FCE5E6A8-3B60-43E3-966F-2415F5E2A103}.Development|HTML5.ActiveCfg = HTML5_Development|Win32
		{FCE5E6A8-3B60-43E3-966F-2415F5E2A103}.Development|HTML5.Build.0 = HTML5_Development|Win32
		{FCE5E6A8-3B60-43E3-966F-2415F5E2A103}.Development|IOS.ActiveCfg = IOS_Development|Win32
		{FCE5E6A8-3B60-43E3-966F-2415F5E2A103}.Development|IOS.Build.0 = IOS_Development|Win32
		{FCE5E6A8-3B60-43E3-966F-2415F5E2A103}.Development|Win32.ActiveCfg = Development|Win32
		{FCE5E6A8-3B60-43E3-966F-2415F5E2A103}.Development|Win32.Build.0 = Development|Win32
		{FCE5E6A8-3B60-43E3-966F-2415F5E2A103}.Development|Win64.ActiveCfg = Development|x64
		{FCE5E6A8-3B60-43E3-966F-2415F5E2A103}.Development|Win64.Build.0 = Development|x64
		{FCE5E6A8-3B60-43E3-966F-2415F5E2A103}.Shipping|HTML5.ActiveCfg = HTML5_Shipping|Win32
		{FCE5E6A8-3B60-43E3-966F-2415F5E2A103}.Shipping|HTML5.Build.0 = HTML5_Shipping|Win32
		{FCE5E6A8-3B60-43E3-966F-2415F5E2A103}.Shipping|IOS.ActiveCfg = IOS_Shipping|Win32
		{FCE5E6A8-3B60-43E3-966F-2415F5E2A103}.Shipping|IOS.Build.0 = IOS_Shipping|Win32
		{FCE5E6A8-3B60-43E3-966F-2415F5E2A103}.Shipping|Win32.ActiveCfg = Shipping|Win32
		{FCE5E6A8-3B60-43E3-966F-2415F5E2A103}.Shipping|Win32.Build.0 = Shipping|Win32
		{FCE5E6A8-3B60-43E3-966F-2415F5E2A103}.Shipping|Win64.ActiveCfg = Shipping|x64
		{FCE5E6A8-3B60-43E3-966F-2415F5E2A103}.Shipping|Win64.Build.0 = Shipping|x64
	EndGlobalSection
	GlobalSection(SolutionProperties) = preSolution
		HideSolutionNode = FALSE
	EndGlobalSection
	GlobalSection(NestedProjects) = preSolution
		{81018C62-E8CA-49B9-8E22-F5F3F03DC969} = {1C48212A-7667-4C6E-B23A-728AFF83CB1D}
		{FCE5E6A8-3B60-43E3-966F-2415F5E2A103} = {6FB00D6F-3F0E-4561-9DA3-02EE21C443C0}
	EndGlobalSection
EndGlobal
